
Microsoft Visual Studio Solution File, Format Version 12.00
# Visual Studio Version 17
VisualStudioVersion = 17.0.32014.148
MinimumVisualStudioVersion = 10.0.40219.1
Project("{FAE04EC0-301F-11D3-BF4B-00C04F79EFBC}") = "file_folder_manager", "file_folder_manager\file_folder_manager.csproj", "{538787DB-D000-4A0B-A2BA-EAC3AC590519}"
EndProject
Global
	GlobalSection(SolutionConfigurationPlatforms) = preSolution
		Debug|Any CPU = Debug|Any CPU
		Release|Any CPU = Release|Any CPU
	EndGlobalSection
	GlobalSection(ProjectConfigurationPlatforms) = postSolution
		{538787DB-D000-4A0B-A2BA-EAC3AC590519}.Debug|Any CPU.ActiveCfg = Debug|Any CPU
		{538787DB-D000-4A0B-A2BA-EAC3AC590519}.Debug|Any CPU.Build.0 = Debug|Any CPU
		{538787DB-D000-4A0B-A2BA-EAC3AC590519}.Release|Any CPU.ActiveCfg = Release|Any CPU
		{538787DB-D000-4A0B-A2BA-EAC3AC590519}.Release|Any CPU.Build.0 = Release|Any CPU
	EndGlobalSection
	GlobalSection(SolutionProperties) = preSolution
		HideSolutionNode = FALSE
	EndGlobalSection
	GlobalSection(ExtensibilityGlobals) = postSolution
		SolutionGuid = {6FAE1C8F-2E88-4DBD-BAEC-6EBBABAA8360}
	EndGlobalSection
EndGlobal
